
Microsoft Visual Studio Solution File, Format Version 12.00
# Visual Studio Version 16
VisualStudioVersion = 16.0.31624.102
MinimumVisualStudioVersion = 10.0.40219.1
Project("{8BC9CEB8-8B4A-11D0-8D11-00A0C91BC942}") = "Ploshadi", "Ploshadi\Ploshadi.vcxproj", "{44094DE4-3F07-48E1-B9C5-0164C58694A4}"
EndProject
Project("{8BC9CEB8-8B4A-11D0-8D11-00A0C91BC942}") = "PloshadMNOGOyg", "PloshadMNOGOyg\PloshadMNOGOyg.vcxproj", "{84BB727B-6C5A-4927-86BD-61A67EEE2E83}"
EndProject
Project("{8BC9CEB8-8B4A-11D0-8D11-00A0C91BC942}") = "PloshadOKRY", "PloshadOKRY\PloshadOKRY.vcxproj", "{E8EEFA1A-99C8-46CD-AEA2-1CDC55EBE4D2}"
EndProject
Global
	GlobalSection(SolutionConfigurationPlatforms) = preSolution
		Debug|x64 = Debug|x64
		Debug|x86 = Debug|x86
		Release|x64 = Release|x64
		Release|x86 = Release|x86
	EndGlobalSection
	GlobalSection(ProjectConfigurationPlatforms) = postSolution
		{44094DE4-3F07-48E1-B9C5-0164C58694A4}.Debug|x64.ActiveCfg = Debug|x64
		{44094DE4-3F07-48E1-B9C5-0164C58694A4}.Debug|x64.Build.0 = Debug|x64
		{44094DE4-3F07-48E1-B9C5-0164C58694A4}.Debug|x86.ActiveCfg = Debug|Win32
		{44094DE4-3F07-48E1-B9C5-0164C58694A4}.Debug|x86.Build.0 = Debug|Win32
		{44094DE4-3F07-48E1-B9C5-0164C58694A4}.Release|x64.ActiveCfg = Release|x64
		{44094DE4-3F07-48E1-B9C5-0164C58694A4}.Release|x64.Build.0 = Release|x64
		{44094DE4-3F07-48E1-B9C5-0164C58694A4}.Release|x86.ActiveCfg = Release|Win32
		{44094DE4-3F07-48E1-B9C5-0164C58694A4}.Release|x86.Build.0 = Release|Win32
		{84BB727B-6C5A-4927-86BD-61A67EEE2E83}.Debug|x64.ActiveCfg = Debug|x64
		{84BB727B-6C5A-4927-86BD-61A67EEE2E83}.Debug|x64.Build.0 = Debug|x64
		{84BB727B-6C5A-4927-86BD-61A67EEE2E83}.Debug|x86.ActiveCfg = Debug|Win32
		{84BB727B-6C5A-4927-86BD-61A67EEE2E83}.Debug|x86.Build.0 = Debug|Win32
		{84BB727B-6C5A-4927-86BD-61A67EEE2E83}.Release|x64.ActiveCfg = Release|x64
		{84BB727B-6C5A-4927-86BD-61A67EEE2E83}.Release|x64.Build.0 = Release|x64
		{84BB727B-6C5A-4927-86BD-61A67EEE2E83}.Release|x86.ActiveCfg = Release|Win32
		{84BB727B-6C5A-4927-86BD-61A67EEE2E83}.Release|x86.Build.0 = Release|Win32
		{E8EEFA1A-99C8-46CD-AEA2-1CDC55EBE4D2}.Debug|x64.ActiveCfg = Debug|x64
		{E8EEFA1A-99C8-46CD-AEA2-1CDC55EBE4D2}.Debug|x64.Build.0 = Debug|x64
		{E8EEFA1A-99C8-46CD-AEA2-1CDC55EBE4D2}.Debug|x86.ActiveCfg = Debug|Win32
		{E8EEFA1A-99C8-46CD-AEA2-1CDC55EBE4D2}.Debug|x86.Build.0 = Debug|Win32
		{E8EEFA1A-99C8-46CD-AEA2-1CDC55EBE4D2}.Release|x64.ActiveCfg = Release|x64
		{E8EEFA1A-99C8-46CD-AEA2-1CDC55EBE4D2}.Release|x64.Build.0 = Release|x64
		{E8EEFA1A-99C8-46CD-AEA2-1CDC55EBE4D2}.Release|x86.ActiveCfg = Release|Win32
		{E8EEFA1A-99C8-46CD-AEA2-1CDC55EBE4D2}.Release|x86.Build.0 = Release|Win32
	EndGlobalSection
	GlobalSection(SolutionProperties) = preSolution
		HideSolutionNode = FALSE
	EndGlobalSection
	GlobalSection(ExtensibilityGlobals) = postSolution
		SolutionGuid = {E363D148-6D76-4C13-8A33-356682A6C8FE}
	EndGlobalSection
EndGlobal
